Microsoft Visual Studio Solution File, Format Version 11.00
# Visual Studio 2008

Project("{B0D7AC49-D523-7433-EE07-2E261DEFBC7D}") = "Simple-Track", "Assembly-CSharp-firstpass.csproj", "{07421BF1-0D1F-C03F-EA2F-B46456F66539}"
EndProject
Project("{B0D7AC49-D523-7433-EE07-2E261DEFBC7D}") = "Simple-Track", "Assembly-CSharp.csproj", "{0F35515A-A5A6-2B35-40D3-B068FB0DD3DB}"
EndProject
Project("{B0D7AC49-D523-7433-EE07-2E261DEFBC7D}") = "Simple-Track", "Assembly-CSharp-Editor.csproj", "{5A93D6EF-8170-0CB4-F18A-E7F35462AB18}"
EndProject
Project("{B0D7AC49-D523-7433-EE07-2E261DEFBC7D}") = "Simple-Track", "Assembly-UnityScript-firstpass.unityproj", "{D307E822-DFB9-3527-10CB-CBA94A3F739D}"
EndProject
Project("{B0D7AC49-D523-7433-EE07-2E261DEFBC7D}") = "Simple-Track", "Assembly-UnityScript.unityproj", "{F28185A6-6885-96DE-15FE-071389A973AA}"
EndProject
Project("{B0D7AC49-D523-7433-EE07-2E261DEFBC7D}") = "Simple-Track", "Assembly-UnityScript-Editor-firstpass.unityproj", "{459D012F-5993-B646-B9F7-C81C86675FF4}"
EndProject
Project("{B0D7AC49-D523-7433-EE07-2E261DEFBC7D}") = "Simple-Track", "Assembly-UnityScript-Editor.unityproj", "{316B47BC-9940-9061-BF80-A449452EAD1B}"
EndProject
Global
	GlobalSection(SolutionConfigurationPlatforms) = preSolution
		Debug|Any CPU = Debug|Any CPU
		Release|Any CPU = Release|Any CPU
	EndGlobalSection
	GlobalSection(ProjectConfigurationPlatforms) = postSolution
		{07421BF1-0D1F-C03F-EA2F-B46456F66539}.Debug|Any CPU.ActiveCfg = Debug|Any CPU
		{07421BF1-0D1F-C03F-EA2F-B46456F66539}.Debug|Any CPU.Build.0 = Debug|Any CPU
		{07421BF1-0D1F-C03F-EA2F-B46456F66539}.Release|Any CPU.ActiveCfg = Release|Any CPU
		{07421BF1-0D1F-C03F-EA2F-B46456F66539}.Release|Any CPU.Build.0 = Release|Any CPU
		{0F35515A-A5A6-2B35-40D3-B068FB0DD3DB}.Debug|Any CPU.ActiveCfg = Debug|Any CPU
		{0F35515A-A5A6-2B35-40D3-B068FB0DD3DB}.Debug|Any CPU.Build.0 = Debug|Any CPU
		{0F35515A-A5A6-2B35-40D3-B068FB0DD3DB}.Release|Any CPU.ActiveCfg = Release|Any CPU
		{0F35515A-A5A6-2B35-40D3-B068FB0DD3DB}.Release|Any CPU.Build.0 = Release|Any CPU
		{5A93D6EF-8170-0CB4-F18A-E7F35462AB18}.Debug|Any CPU.ActiveCfg = Debug|Any CPU
		{5A93D6EF-8170-0CB4-F18A-E7F35462AB18}.Debug|Any CPU.Build.0 = Debug|Any CPU
		{5A93D6EF-8170-0CB4-F18A-E7F35462AB18}.Release|Any CPU.ActiveCfg = Release|Any CPU
		{5A93D6EF-8170-0CB4-F18A-E7F35462AB18}.Release|Any CPU.Build.0 = Release|Any CPU
		{D307E822-DFB9-3527-10CB-CBA94A3F739D}.Debug|Any CPU.ActiveCfg = Debug|Any CPU
		{D307E822-DFB9-3527-10CB-CBA94A3F739D}.Debug|Any CPU.Build.0 = Debug|Any CPU
		{D307E822-DFB9-3527-10CB-CBA94A3F739D}.Release|Any CPU.ActiveCfg = Release|Any CPU
		{D307E822-DFB9-3527-10CB-CBA94A3F739D}.Release|Any CPU.Build.0 = Release|Any CPU
		{F28185A6-6885-96DE-15FE-071389A973AA}.Debug|Any CPU.ActiveCfg = Debug|Any CPU
		{F28185A6-6885-96DE-15FE-071389A973AA}.Debug|Any CPU.Build.0 = Debug|Any CPU
		{F28185A6-6885-96DE-15FE-071389A973AA}.Release|Any CPU.ActiveCfg = Release|Any CPU
		{F28185A6-6885-96DE-15FE-071389A973AA}.Release|Any CPU.Build.0 = Release|Any CPU
		{459D012F-5993-B646-B9F7-C81C86675FF4}.Debug|Any CPU.ActiveCfg = Debug|Any CPU
		{459D012F-5993-B646-B9F7-C81C86675FF4}.Debug|Any CPU.Build.0 = Debug|Any CPU
		{459D012F-5993-B646-B9F7-C81C86675FF4}.Release|Any CPU.ActiveCfg = Release|Any CPU
		{459D012F-5993-B646-B9F7-C81C86675FF4}.Release|Any CPU.Build.0 = Release|Any CPU
		{316B47BC-9940-9061-BF80-A449452EAD1B}.Debug|Any CPU.ActiveCfg = Debug|Any CPU
		{316B47BC-9940-9061-BF80-A449452EAD1B}.Debug|Any CPU.Build.0 = Debug|Any CPU
		{316B47BC-9940-9061-BF80-A449452EAD1B}.Release|Any CPU.ActiveCfg = Release|Any CPU
		{316B47BC-9940-9061-BF80-A449452EAD1B}.Release|Any CPU.Build.0 = Release|Any CPU
	EndGlobalSection
	GlobalSection(SolutionProperties) = preSolution
		HideSolutionNode = FALSE
	EndGlobalSection
																																																																																												GlobalSection(MonoDevelopProperties) = preSolution
		StartupItem = Assembly-CSharp.csproj
		Policies = $0
		$0.TextStylePolicy = $1
		$1.inheritsSet = null
		$1.scope = text/x-csharp
		$0.CSharpFormattingPolicy = $2
		$2.inheritsSet = Mono
		$2.inheritsScope = text/x-csharp
		$2.scope = text/x-csharp
		$0.TextStylePolicy = $3
		$3.FileWidth = 120
		$3.TabWidth = 4
		$3.EolMarker = Unix
		$3.inheritsSet = Mono
		$3.inheritsScope = text/plain
		$3.scope = text/plain
	EndGlobalSection

EndGlobal
